// !$*UTF8*$!
{
	archiveVersion = 1;
	classes = {
	};
	objectVersion = 46;
	objects = {

/* Begin PBXBuildFile section */
		5300AFE61F36F47100AF14C1 /* Machine.swift in Sources */ = {isa = PBXBuildFile; fileRef = 5300AFE51F36F47100AF14C1 /* Machine.swift */; };
		530764491F76408500EE216F /* Room.swift in Sources */ = {isa = PBXBuildFile; fileRef = 530764481F76408500EE216F /* Room.swift */; };
		53206F3D1F28C242003AE865 /* LoginScreenViewController.swift in Sources */ = {isa = PBXBuildFile; fileRef = 53206F3C1F28C242003AE865 /* LoginScreenViewController.swift */; };
		53206F401F28C2C9003AE865 /* LoginPopup.swift in Sources */ = {isa = PBXBuildFile; fileRef = 53206F3F1F28C2C9003AE865 /* LoginPopup.swift */; };
		53206F421F28C896003AE865 /* DesignableView.swift in Sources */ = {isa = PBXBuildFile; fileRef = 53206F411F28C896003AE865 /* DesignableView.swift */; };
		5327F36A1F23A55F006DCE7A /* AppDelegate.swift in Sources */ = {isa = PBXBuildFile; fileRef = 5327F3691F23A55F006DCE7A /* AppDelegate.swift */; };
		5327F36F1F23A55F006DCE7A /* Main.storyboard in Resources */ = {isa = PBXBuildFile; fileRef = 5327F36D1F23A55F006DCE7A /* Main.storyboard */; };
		5327F3711F23A55F006DCE7A /* Assets.xcassets in Resources */ = {isa = PBXBuildFile; fileRef = 5327F3701F23A55F006DCE7A /* Assets.xcassets */; };
		5327F3741F23A55F006DCE7A /* LaunchScreen.storyboard in Resources */ = {isa = PBXBuildFile; fileRef = 5327F3721F23A55F006DCE7A /* LaunchScreen.storyboard */; };
		5327F37C1F23A65F006DCE7A /* GoogleService-Info.plist in Resources */ = {isa = PBXBuildFile; fileRef = 5327F37B1F23A65F006DCE7A /* GoogleService-Info.plist */; };
		53AF7AA21F27C136001C7F39 /* DesignableButton.swift in Sources */ = {isa = PBXBuildFile; fileRef = 53AF7AA11F27C136001C7F39 /* DesignableButton.swift */; };
		53B197651F3646CF00256EC5 /* MachinesViewController.swift in Sources */ = {isa = PBXBuildFile; fileRef = 53B197641F3646CF00256EC5 /* MachinesViewController.swift */; };
		53B197671F364B7300256EC5 /* MachineTableViewCell.swift in Sources */ = {isa = PBXBuildFile; fileRef = 53B197661F364B7300256EC5 /* MachineTableViewCell.swift */; };
		53B1DA631F38A274004EE5B3 /* SwitchTableViewController.swift in Sources */ = {isa = PBXBuildFile; fileRef = 53B1DA621F38A274004EE5B3 /* SwitchTableViewController.swift */; };
		53B1DA651F38A347004EE5B3 /* SwitchTableViewCell.swift in Sources */ = {isa = PBXBuildFile; fileRef = 53B1DA641F38A347004EE5B3 /* SwitchTableViewCell.swift */; };
		53B27F171F2CBAF6005EB447 /* DashBoardViewController.swift in Sources */ = {isa = PBXBuildFile; fileRef = 53B27F161F2CBAF6005EB447 /* DashBoardViewController.swift */; };
		53B31A7C1F40C3C100E2A756 /* RoomsCollectionViewCell.swift in Sources */ = {isa = PBXBuildFile; fileRef = 53B31A7B1F40C3C100E2A756 /* RoomsCollectionViewCell.swift */; };
		53EDB0F31F581D5A00885FC9 /* DimmerTableViewCell.swift in Sources */ = {isa = PBXBuildFile; fileRef = 53EDB0F21F581D5A00885FC9 /* DimmerTableViewCell.swift */; };
		53EDB0F71F58456800885FC9 /* RoomDetailDimmerViewCell.swift in Sources */ = {isa = PBXBuildFile; fileRef = 53EDB0F61F58456800885FC9 /* RoomDetailDimmerViewCell.swift */; };
		53F021C61F2DADAB007F1D04 /* AddMachineViewController.swift in Sources */ = {isa = PBXBuildFile; fileRef = 53F021C51F2DADAB007F1D04 /* AddMachineViewController.swift */; };
		53F075DF1F41EF3800BDE188 /* RoomViewController.swift in Sources */ = {isa = PBXBuildFile; fileRef = 53F075DE1F41EF3800BDE188 /* RoomViewController.swift */; };
		53F075E11F41F81400BDE188 /* RoomDetailCollectionViewCell.swift in Sources */ = {isa = PBXBuildFile; fileRef = 53F075E01F41F81400BDE188 /* RoomDetailCollectionViewCell.swift */; };
		CC7273DBBB4A4DC793FC6454 /* Pods_D2Brain.framework in Frameworks */ = {isa = PBXBuildFile; fileRef = D3D6C3AAD3B486051B24C259 /* Pods_D2Brain.framework */; };
/* End PBXBuildFile section */

/* Begin PBXFileReference section */
		323152D2D322964894A3FACD /* Pods-D2Brain.release.xcconfig */ = {isa = PBXFileReference; includeInIndex = 1; lastKnownFileType = text.xcconfig; name = "Pods-D2Brain.release.xcconfig"; path = "Pods/Target Support Files/Pods-D2Brain/Pods-D2Brain.release.xcconfig"; sourceTree = "<group>"; };
		5300AFE51F36F47100AF14C1 /* Machine.swift */ = {isa = PBXFileReference; fileEncoding = 4; lastKnownFileType = sourcecode.swift; path = Machine.swift; sourceTree = "<group>"; };
		530764481F76408500EE216F /* Room.swift */ = {isa = PBXFileReference; lastKnownFileType = sourcecode.swift; path = Room.swift; sourceTree = "<group>"; };
		53206F3C1F28C242003AE865 /* LoginScreenViewController.swift */ = {isa = PBXFileReference; fileEncoding = 4; lastKnownFileType = sourcecode.swift; path = LoginScreenViewController.swift; sourceTree = "<group>"; };
		53206F3F1F28C2C9003AE865 /* LoginPopup.swift */ = {isa = PBXFileReference; fileEncoding = 4; lastKnownFileType = sourcecode.swift; path = LoginPopup.swift; sourceTree = "<group>"; };
		53206F411F28C896003AE865 /* DesignableView.swift */ = {isa = PBXFileReference; fileEncoding = 4; lastKnownFileType = sourcecode.swift; path = DesignableView.swift; sourceTree = "<group>"; };
		5327F3661F23A55F006DCE7A /* D2Brain.app */ = {isa = PBXFileReference; explicitFileType = wrapper.application; includeInIndex = 0; path = D2Brain.app; sourceTree = BUILT_PRODUCTS_DIR; };
		5327F3691F23A55F006DCE7A /* AppDelegate.swift */ = {isa = PBXFileReference; lastKnownFileType = sourcecode.swift; path = AppDelegate.swift; sourceTree = "<group>"; };
		5327F36E1F23A55F006DCE7A /* Base */ = {isa = PBXFileReference; lastKnownFileType = file.storyboard; name = Base; path = Base.lproj/Main.storyboard; sourceTree = "<group>"; };
		5327F3701F23A55F006DCE7A /* Assets.xcassets */ = {isa = PBXFileReference; lastKnownFileType = folder.assetcatalog; path = Assets.xcassets; sourceTree = "<group>"; };
		5327F3731F23A55F006DCE7A /* Base */ = {isa = PBXFileReference; lastKnownFileType = file.storyboard; name = Base; path = Base.lproj/LaunchScreen.storyboard; sourceTree = "<group>"; };
		5327F3751F23A55F006DCE7A /* Info.plist */ = {isa = PBXFileReference; lastKnownFileType = text.plist.xml; path = Info.plist; sourceTree = "<group>"; };
		5327F37B1F23A65F006DCE7A /* GoogleService-Info.plist */ = {isa = PBXFileReference; fileEncoding = 4; lastKnownFileType = text.plist.xml; path = "GoogleService-Info.plist"; sourceTree = "<group>"; };
		53AF7AA11F27C136001C7F39 /* DesignableButton.swift */ = {isa = PBXFileReference; fileEncoding = 4; lastKnownFileType = sourcecode.swift; path = DesignableButton.swift; sourceTree = "<group>"; };
		53AF7AA31F27D974001C7F39 /* FugazOne-Regular.ttf */ = {isa = PBXFileReference; lastKnownFileType = file; path = "FugazOne-Regular.ttf"; sourceTree = "<group>"; };
		53AF7AA51F27D9A1001C7F39 /* OpenSans-Light.ttf */ = {isa = PBXFileReference; lastKnownFileType = file; path = "OpenSans-Light.ttf"; sourceTree = "<group>"; };
		53B197641F3646CF00256EC5 /* MachinesViewController.swift */ = {isa = PBXFileReference; fileEncoding = 4; lastKnownFileType = sourcecode.swift; path = MachinesViewController.swift; sourceTree = "<group>"; };
		53B197661F364B7300256EC5 /* MachineTableViewCell.swift */ = {isa = PBXFileReference; fileEncoding = 4; lastKnownFileType = sourcecode.swift; path = MachineTableViewCell.swift; sourceTree = "<group>"; };
		53B1DA621F38A274004EE5B3 /* SwitchTableViewController.swift */ = {isa = PBXFileReference; fileEncoding = 4; lastKnownFileType = sourcecode.swift; path = SwitchTableViewController.swift; sourceTree = "<group>"; };
		53B1DA641F38A347004EE5B3 /* SwitchTableViewCell.swift */ = {isa = PBXFileReference; fileEncoding = 4; lastKnownFileType = sourcecode.swift; path = SwitchTableViewCell.swift; sourceTree = "<group>"; };
		53B27F161F2CBAF6005EB447 /* DashBoardViewController.swift */ = {isa = PBXFileReference; fileEncoding = 4; lastKnownFileType = sourcecode.swift; path = DashBoardViewController.swift; sourceTree = "<group>"; };
		53B31A7B1F40C3C100E2A756 /* RoomsCollectionViewCell.swift */ = {isa = PBXFileReference; fileEncoding = 4; lastKnownFileType = sourcecode.swift; path = RoomsCollectionViewCell.swift; sourceTree = "<group>"; };
		53EDB0F21F581D5A00885FC9 /* DimmerTableViewCell.swift */ = {isa = PBXFileReference; fileEncoding = 4; lastKnownFileType = sourcecode.swift; path = DimmerTableViewCell.swift; sourceTree = "<group>"; };
		53EDB0F61F58456800885FC9 /* RoomDetailDimmerViewCell.swift */ = {isa = PBXFileReference; fileEncoding = 4; lastKnownFileType = sourcecode.swift; path = RoomDetailDimmerViewCell.swift; sourceTree = "<group>"; };
		53F021C51F2DADAB007F1D04 /* AddMachineViewController.swift */ = {isa = PBXFileReference; fileEncoding = 4; lastKnownFileType = sourcecode.swift; path = AddMachineViewController.swift; sourceTree = "<group>"; };
		53F075DE1F41EF3800BDE188 /* RoomViewController.swift */ = {isa = PBXFileReference; fileEncoding = 4; lastKnownFileType = sourcecode.swift; path = RoomViewController.swift; sourceTree = "<group>"; };
		53F075E01F41F81400BDE188 /* RoomDetailCollectionViewCell.swift */ = {isa = PBXFileReference; fileEncoding = 4; lastKnownFileType = sourcecode.swift; path = RoomDetailCollectionViewCell.swift; sourceTree = "<group>"; };
		6F6D4060B051BB9ABD4EAE47 /* Pods-D2Brain.debug.xcconfig */ = {isa = PBXFileReference; includeInIndex = 1; lastKnownFileType = text.xcconfig; name = "Pods-D2Brain.debug.xcconfig"; path = "Pods/Target Support Files/Pods-D2Brain/Pods-D2Brain.debug.xcconfig"; sourceTree = "<group>"; };
		D3D6C3AAD3B486051B24C259 /* Pods_D2Brain.framework */ = {isa = PBXFileReference; explicitFileType = wrapper.framework; includeInIndex = 0; path = Pods_D2Brain.framework; sourceTree = BUILT_PRODUCTS_DIR; };
/* End PBXFileReference section */

/* Begin PBXFrameworksBuildPhase section */
		5327F3631F23A55F006DCE7A /* Frameworks */ = {
			isa = PBXFrameworksBuildPhase;
			buildActionMask = 2147483647;
			files = (
				CC7273DBBB4A4DC793FC6454 /* Pods_D2Brain.framework in Frameworks */,
			);
			runOnlyForDeploymentPostprocessing = 0;
		};
/* End PBXFrameworksBuildPhase section */

/* Begin PBXGroup section */
		53206F3E1F28C27D003AE865 /* LoginSignup */ = {
			isa = PBXGroup;
			children = (
				53206F3C1F28C242003AE865 /* LoginScreenViewController.swift */,
				53206F3F1F28C2C9003AE865 /* LoginPopup.swift */,
			);
			name = LoginSignup;
			sourceTree = "<group>";
		};
		5327F35D1F23A55F006DCE7A = {
			isa = PBXGroup;
			children = (
				5327F3681F23A55F006DCE7A /* D2Brain */,
				5327F3671F23A55F006DCE7A /* Products */,
				D158865983700A9A7AEB1C3F /* Pods */,
				67CB1E5EACBF5AA545C31761 /* Frameworks */,
			);
			sourceTree = "<group>";
		};
		5327F3671F23A55F006DCE7A /* Products */ = {
			isa = PBXGroup;
			children = (
				5327F3661F23A55F006DCE7A /* D2Brain.app */,
			);
			name = Products;
			sourceTree = "<group>";
		};
		5327F3681F23A55F006DCE7A /* D2Brain */ = {
			isa = PBXGroup;
			children = (
				53AF7AA01F27C0F5001C7F39 /* IBDesignable */,
				53AF7AA41F27D982001C7F39 /* Fonts */,
				53206F3E1F28C27D003AE865 /* LoginSignup */,
				533EB38A1F3B21EC009736B2 /* Switch */,
				533EB38C1F3B2207009736B2 /* Machine */,
				537F0D891F4647DB000A2031 /* Dashboard */,
				537F0D8A1F46480C000A2031 /* Room */,
				5327F36D1F23A55F006DCE7A /* Main.storyboard */,
				5327F3691F23A55F006DCE7A /* AppDelegate.swift */,
				5327F3701F23A55F006DCE7A /* Assets.xcassets */,
				5327F3721F23A55F006DCE7A /* LaunchScreen.storyboard */,
				5327F3751F23A55F006DCE7A /* Info.plist */,
				5327F37B1F23A65F006DCE7A /* GoogleService-Info.plist */,
			);
			path = D2Brain;
			sourceTree = "<group>";
		};
		533EB38A1F3B21EC009736B2 /* Switch */ = {
			isa = PBXGroup;
			children = (
				53B1DA621F38A274004EE5B3 /* SwitchTableViewController.swift */,
				53B1DA641F38A347004EE5B3 /* SwitchTableViewCell.swift */,
				53EDB0F21F581D5A00885FC9 /* DimmerTableViewCell.swift */,
			);
			name = Switch;
			sourceTree = "<group>";
		};
		533EB38C1F3B2207009736B2 /* Machine */ = {
			isa = PBXGroup;
			children = (
				53B197661F364B7300256EC5 /* MachineTableViewCell.swift */,
				53B197641F3646CF00256EC5 /* MachinesViewController.swift */,
				5300AFE51F36F47100AF14C1 /* Machine.swift */,
				53F021C51F2DADAB007F1D04 /* AddMachineViewController.swift */,
			);
			name = Machine;
			sourceTree = "<group>";
		};
		537F0D891F4647DB000A2031 /* Dashboard */ = {
			isa = PBXGroup;
			children = (
				53B27F161F2CBAF6005EB447 /* DashBoardViewController.swift */,
				530764481F76408500EE216F /* Room.swift */,
				53B31A7B1F40C3C100E2A756 /* RoomsCollectionViewCell.swift */,
			);
			name = Dashboard;
			sourceTree = "<group>";
		};
		537F0D8A1F46480C000A2031 /* Room */ = {
			isa = PBXGroup;
			children = (
				53F075DE1F41EF3800BDE188 /* RoomViewController.swift */,
				53F075E01F41F81400BDE188 /* RoomDetailCollectionViewCell.swift */,
				53EDB0F61F58456800885FC9 /* RoomDetailDimmerViewCell.swift */,
			);
			name = Room;
			sourceTree = "<group>";
		};
		53AF7AA01F27C0F5001C7F39 /* IBDesignable */ = {
			isa = PBXGroup;
			children = (
				53AF7AA11F27C136001C7F39 /* DesignableButton.swift */,
				53206F411F28C896003AE865 /* DesignableView.swift */,
			);
			name = IBDesignable;
			sourceTree = "<group>";
		};
		53AF7AA41F27D982001C7F39 /* Fonts */ = {
			isa = PBXGroup;
			children = (
				53AF7AA51F27D9A1001C7F39 /* OpenSans-Light.ttf */,
				53AF7AA31F27D974001C7F39 /* FugazOne-Regular.ttf */,
			);
			name = Fonts;
			sourceTree = "<group>";
		};
		67CB1E5EACBF5AA545C31761 /* Frameworks */ = {
			isa = PBXGroup;
			children = (
				D3D6C3AAD3B486051B24C259 /* Pods_D2Brain.framework */,
			);
			name = Frameworks;
			sourceTree = "<group>";
		};
		D158865983700A9A7AEB1C3F /* Pods */ = {
			isa = PBXGroup;
			children = (
				6F6D4060B051BB9ABD4EAE47 /* Pods-D2Brain.debug.xcconfig */,
				323152D2D322964894A3FACD /* Pods-D2Brain.release.xcconfig */,
			);
			name = Pods;
			sourceTree = "<group>";
		};
/* End PBXGroup section */

/* Begin PBXNativeTarget section */
		5327F3651F23A55F006DCE7A /* D2Brain */ = {
			isa = PBXNativeTarget;
			buildConfigurationList = 5327F3781F23A55F006DCE7A /* Build configuration list for PBXNativeTarget "D2Brain" */;
			buildPhases = (
				4C00B4D8A45788A9A64F075B /* [CP] Check Pods Manifest.lock */,
				5327F3621F23A55F006DCE7A /* Sources */,
				5327F3631F23A55F006DCE7A /* Frameworks */,
				5327F3641F23A55F006DCE7A /* Resources */,
				43001636DED41423F67C27BD /* [CP] Embed Pods Frameworks */,
				753AEFD77A2094D1C99ED87D /* [CP] Copy Pods Resources */,
			);
			buildRules = (
			);
			dependencies = (
			);
			name = D2Brain;
			productName = D2Brain;
			productReference = 5327F3661F23A55F006DCE7A /* D2Brain.app */;
			productType = "com.apple.product-type.application";
		};
/* End PBXNativeTarget section */

/* Begin PBXProject section */
		5327F35E1F23A55F006DCE7A /* Project object */ = {
			isa = PBXProject;
			attributes = {
				KnownAssetTags = (
					New,
				);
				LastSwiftUpdateCheck = 0830;
				LastUpgradeCheck = 0900;
				ORGANIZATIONNAME = psolution;
				TargetAttributes = {
					5327F3651F23A55F006DCE7A = {
						CreatedOnToolsVersion = 8.3.3;
						DevelopmentTeam = C59C5LCXX7;
						ProvisioningStyle = Automatic;
					};
				};
			};
			buildConfigurationList = 5327F3611F23A55F006DCE7A /* Build configuration list for PBXProject "D2Brain" */;
			compatibilityVersion = "Xcode 3.2";
			developmentRegion = English;
			hasScannedForEncodings = 0;
			knownRegions = (
				en,
				Base,
			);
			mainGroup = 5327F35D1F23A55F006DCE7A;
			productRefGroup = 5327F3671F23A55F006DCE7A /* Products */;
			projectDirPath = "";
			projectRoot = "";
			targets = (
				5327F3651F23A55F006DCE7A /* D2Brain */,
			);
		};
/* End PBXProject section */

/* Begin PBXResourcesBuildPhase section */
		5327F3641F23A55F006DCE7A /* Resources */ = {
			isa = PBXResourcesBuildPhase;
			buildActionMask = 2147483647;
			files = (
				5327F3741F23A55F006DCE7A /* LaunchScreen.storyboard in Resources */,
				5327F37C1F23A65F006DCE7A /* GoogleService-Info.plist in Resources */,
				5327F3711F23A55F006DCE7A /* Assets.xcassets in Resources */,
				5327F36F1F23A55F006DCE7A /* Main.storyboard in Resources */,
			);
			runOnlyForDeploymentPostprocessing = 0;
		};
/* End PBXResourcesBuildPhase section */

/* Begin PBXShellScriptBuildPhase section */
		43001636DED41423F67C27BD /* [CP] Embed Pods Frameworks */ = {
			isa = PBXShellScriptBuildPhase;
			buildActionMask = 2147483647;
			files = (
			);
			inputPaths = (
			);
			name = "[CP] Embed Pods Frameworks";
			outputPaths = (
			);
			runOnlyForDeploymentPostprocessing = 0;
			shellPath = /bin/sh;
			shellScript = "\"${SRCROOT}/Pods/Target Support Files/Pods-D2Brain/Pods-D2Brain-frameworks.sh\"\n";
			showEnvVarsInLog = 0;
		};
		4C00B4D8A45788A9A64F075B /* [CP] Check Pods Manifest.lock */ = {
			isa = PBXShellScriptBuildPhase;
			buildActionMask = 2147483647;
			files = (
			);
			inputPaths = (
			);
			name = "[CP] Check Pods Manifest.lock";
			outputPaths = (
			);
			runOnlyForDeploymentPostprocessing = 0;
			shellPath = /bin/sh;
			shellScript = "diff \"${PODS_PODFILE_DIR_PATH}/Podfile.lock\" \"${PODS_ROOT}/Manifest.lock\" > /dev/null\nif [ $? != 0 ] ; then\n    # print error to STDERR\n    echo \"error: The sandbox is not in sync with the Podfile.lock. Run 'pod install' or update your CocoaPods installation.\" >&2\n    exit 1\nfi\n";
			showEnvVarsInLog = 0;
		};
		753AEFD77A2094D1C99ED87D /* [CP] Copy Pods Resources */ = {
			isa = PBXShellScriptBuildPhase;
			buildActionMask = 2147483647;
			files = (
			);
			inputPaths = (
			);
			name = "[CP] Copy Pods Resources";
			outputPaths = (
			);
			runOnlyForDeploymentPostprocessing = 0;
			shellPath = /bin/sh;
			shellScript = "\"${SRCROOT}/Pods/Target Support Files/Pods-D2Brain/Pods-D2Brain-resources.sh\"\n";
			showEnvVarsInLog = 0;
		};
/* End PBXShellScriptBuildPhase section */

/* Begin PBXSourcesBuildPhase section */
		5327F3621F23A55F006DCE7A /* Sources */ = {
			isa = PBXSourcesBuildPhase;
			buildActionMask = 2147483647;
			files = (
				53206F401F28C2C9003AE865 /* LoginPopup.swift in Sources */,
				5327F36A1F23A55F006DCE7A /* AppDelegate.swift in Sources */,
				53F021C61F2DADAB007F1D04 /* AddMachineViewController.swift in Sources */,
				53B1DA631F38A274004EE5B3 /* SwitchTableViewController.swift in Sources */,
				53AF7AA21F27C136001C7F39 /* DesignableButton.swift in Sources */,
				53EDB0F71F58456800885FC9 /* RoomDetailDimmerViewCell.swift in Sources */,
				53EDB0F31F581D5A00885FC9 /* DimmerTableViewCell.swift in Sources */,
				53B1DA651F38A347004EE5B3 /* SwitchTableViewCell.swift in Sources */,
				53B27F171F2CBAF6005EB447 /* DashBoardViewController.swift in Sources */,
				53206F421F28C896003AE865 /* DesignableView.swift in Sources */,
				53B197651F3646CF00256EC5 /* MachinesViewController.swift in Sources */,
				53F075DF1F41EF3800BDE188 /* RoomViewController.swift in Sources */,
				5300AFE61F36F47100AF14C1 /* Machine.swift in Sources */,
				53B31A7C1F40C3C100E2A756 /* RoomsCollectionViewCell.swift in Sources */,
				530764491F76408500EE216F /* Room.swift in Sources */,
				53F075E11F41F81400BDE188 /* RoomDetailCollectionViewCell.swift in Sources */,
				53206F3D1F28C242003AE865 /* LoginScreenViewController.swift in Sources */,
				53B197671F364B7300256EC5 /* MachineTableViewCell.swift in Sources */,
			);
			runOnlyForDeploymentPostprocessing = 0;
		};
/* End PBXSourcesBuildPhase section */

/* Begin PBXVariantGroup section */
		5327F36D1F23A55F006DCE7A /* Main.storyboard */ = {
			isa = PBXVariantGroup;
			children = (
				5327F36E1F23A55F006DCE7A /* Base */,
			);
			name = Main.storyboard;
			sourceTree = "<group>";
		};
		5327F3721F23A55F006DCE7A /* LaunchScreen.storyboard */ = {
			isa = PBXVariantGroup;
			children = (
				5327F3731F23A55F006DCE7A /* Base */,
			);
			name = LaunchScreen.storyboard;
			sourceTree = "<group>";
		};
/* End PBXVariantGroup section */

/* Begin XCBuildConfiguration section */
		5327F3761F23A55F006DCE7A /* Debug */ = {
			isa = XCBuildConfiguration;
			buildSettings = {
				ALWAYS_SEARCH_USER_PATHS = NO;
				CLANG_ANALYZER_NONNULL = YES;
				CLANG_ANALYZER_NUMBER_OBJECT_CONVERSION = YES_AGGRESSIVE;
				CLANG_CXX_LANGUAGE_STANDARD = "gnu++0x";
				CLANG_CXX_LIBRARY = "libc++";
				CLANG_ENABLE_MODULES = YES;
				CLANG_ENABLE_OBJC_ARC = YES;
				CLANG_WARN_BLOCK_CAPTURE_AUTORELEASING = YES;
				CLANG_WARN_BOOL_CONVERSION = YES;
				CLANG_WARN_COMMA = YES;
				CLANG_WARN_CONSTANT_CONVERSION = YES;
				CLANG_WARN_DIRECT_OBJC_ISA_USAGE = YES_ERROR;
				CLANG_WARN_DOCUMENTATION_COMMENTS = YES;
				CLANG_WARN_EMPTY_BODY = YES;
				CLANG_WARN_ENUM_CONVERSION = YES;
				CLANG_WARN_INFINITE_RECURSION = YES;
				CLANG_WARN_INT_CONVERSION = YES;
				CLANG_WARN_NON_LITERAL_NULL_CONVERSION = YES;
				CLANG_WARN_OBJC_LITERAL_CONVERSION = YES;
				CLANG_WARN_OBJC_ROOT_CLASS = YES_ERROR;
				CLANG_WARN_RANGE_LOOP_ANALYSIS = YES;
				CLANG_WARN_STRICT_PROTOTYPES = YES;
				CLANG_WARN_SUSPICIOUS_MOVE = YES;
				CLANG_WARN_UNREACHABLE_CODE = YES;
				CLANG_WARN__DUPLICATE_METHOD_MATCH = YES;
				"CODE_SIGN_IDENTITY[sdk=iphoneos*]" = "iPhone Developer";
				COPY_PHASE_STRIP = NO;
				DEBUG_INFORMATION_FORMAT = dwarf;
				ENABLE_STRICT_OBJC_MSGSEND = YES;
				ENABLE_TESTABILITY = YES;
				GCC_C_LANGUAGE_STANDARD = gnu99;
				GCC_DYNAMIC_NO_PIC = NO;
				GCC_NO_COMMON_BLOCKS = YES;
				GCC_OPTIMIZATION_LEVEL = 0;
				GCC_PREPROCESSOR_DEFINITIONS = (
					"DEBUG=1",
					"$(inherited)",
				);
				GCC_WARN_64_TO_32_BIT_CONVERSION = YES;
				GCC_WARN_ABOUT_RETURN_TYPE = YES_ERROR;
				GCC_WARN_UNDECLARED_SELECTOR = YES;
				GCC_WARN_UNINITIALIZED_AUTOS = YES_AGGRESSIVE;
				GCC_WARN_UNUSED_FUNCTION = YES;
				GCC_WARN_UNUSED_VARIABLE = YES;
				IPHONEOS_DEPLOYMENT_TARGET = 10.3;
				MTL_ENABLE_DEBUG_INFO = YES;
				ONLY_ACTIVE_ARCH = YES;
				SDKROOT = iphoneos;
				SWIFT_ACTIVE_COMPILATION_CONDITIONS = DEBUG;
				SWIFT_OPTIMIZATION_LEVEL = "-Onone";
			};
			name = Debug;
		};
		5327F3771F23A55F006DCE7A /* Release */ = {
			isa = XCBuildConfiguration;
			buildSettings = {
				ALWAYS_SEARCH_USER_PATHS = NO;
				CLANG_ANALYZER_NONNULL = YES;
				CLANG_ANALYZER_NUMBER_OBJECT_CONVERSION = YES_AGGRESSIVE;
				CLANG_CXX_LANGUAGE_STANDARD = "gnu++0x";
				CLANG_CXX_LIBRARY = "libc++";
				CLANG_ENABLE_MODULES = YES;
				CLANG_ENABLE_OBJC_ARC = YES;
				CLANG_WARN_BLOCK_CAPTURE_AUTORELEASING = YES;
				CLANG_WARN_BOOL_CONVERSION = YES;
				CLANG_WARN_COMMA = YES;
				CLANG_WARN_CONSTANT_CONVERSION = YES;
				CLANG_WARN_DIRECT_OBJC_ISA_USAGE = YES_ERROR;
				CLANG_WARN_DOCUMENTATION_COMMENTS = YES;
				CLANG_WARN_EMPTY_BODY = YES;
				CLANG_WARN_ENUM_CONVERSION = YES;
				CLANG_WARN_INFINITE_RECURSION = YES;
				CLANG_WARN_INT_CONVERSION = YES;
				CLANG_WARN_NON_LITERAL_NULL_CONVERSION = YES;
				CLANG_WARN_OBJC_LITERAL_CONVERSION = YES;
				CLANG_WARN_OBJC_ROOT_CLASS = YES_ERROR;
				CLANG_WARN_RANGE_LOOP_ANALYSIS = YES;
				CLANG_WARN_STRICT_PROTOTYPES = YES;
				CLANG_WARN_SUSPICIOUS_MOVE = YES;
				CLANG_WARN_UNREACHABLE_CODE = YES;
				CLANG_WARN__DUPLICATE_METHOD_MATCH = YES;
				"CODE_SIGN_IDENTITY[sdk=iphoneos*]" = "iPhone Developer";
				COPY_PHASE_STRIP = NO;
				DEBUG_INFORMATION_FORMAT = "dwarf-with-dsym";
				ENABLE_NS_ASSERTIONS = NO;
				ENABLE_STRICT_OBJC_MSGSEND = YES;
				GCC_C_LANGUAGE_STANDARD = gnu99;
				GCC_NO_COMMON_BLOCKS = YES;
				GCC_WARN_64_TO_32_BIT_CONVERSION = YES;
				GCC_WARN_ABOUT_RETURN_TYPE = YES_ERROR;
				GCC_WARN_UNDECLARED_SELECTOR = YES;
				GCC_WARN_UNINITIALIZED_AUTOS = YES_AGGRESSIVE;
				GCC_WARN_UNUSED_FUNCTION = YES;
				GCC_WARN_UNUSED_VARIABLE = YES;
				IPHONEOS_DEPLOYMENT_TARGET = 10.3;
				MTL_ENABLE_DEBUG_INFO = NO;
				SDKROOT = iphoneos;
				SWIFT_OPTIMIZATION_LEVEL = "-Owholemodule";
				VALIDATE_PRODUCT = YES;
			};
			name = Release;
		};
		5327F3791F23A55F006DCE7A /* Debug */ = {
			isa = XCBuildConfiguration;
			baseConfigurationReference = 6F6D4060B051BB9ABD4EAE47 /* Pods-D2Brain.debug.xcconfig */;
			buildSettings = {
				ASSETCATALOG_COMPILER_APPICON_NAME = AppIcon;
				DEVELOPMENT_TEAM = C59C5LCXX7;
				INFOPLIST_FILE = D2Brain/Info.plist;
				IPHONEOS_DEPLOYMENT_TARGET = 9.3;
				LD_RUNPATH_SEARCH_PATHS = "$(inherited) @executable_path/Frameworks";
				PRODUCT_BUNDLE_IDENTIFIER = com.psolution.D2Brain;
				PRODUCT_NAME = "$(TARGET_NAME)";
				SWIFT_VERSION = 3.0;
				TARGETED_DEVICE_FAMILY = "1,2";
			};
			name = Debug;
		};
		5327F37A1F23A55F006DCE7A /* Release */ = {
			isa = XCBuildConfiguration;
			baseConfigurationReference = 323152D2D322964894A3FACD /* Pods-D2Brain.release.xcconfig */;
			buildSettings = {
				ASSETCATALOG_COMPILER_APPICON_NAME = AppIcon;
				DEVELOPMENT_TEAM = C59C5LCXX7;
				INFOPLIST_FILE = D2Brain/Info.plist;
				IPHONEOS_DEPLOYMENT_TARGET = 9.3;
				LD_RUNPATH_SEARCH_PATHS = "$(inherited) @executable_path/Frameworks";
				PRODUCT_BUNDLE_IDENTIFIER = com.psolution.D2Brain;
				PRODUCT_NAME = "$(TARGET_NAME)";
				SWIFT_VERSION = 3.0;
				TARGETED_DEVICE_FAMILY = "1,2";
			};
			name = Release;
		};
/* End XCBuildConfiguration section */

/* Begin XCConfigurationList section */
		5327F3611F23A55F006DCE7A /* Build configuration list for PBXProject "D2Brain" */ = {
			isa = XCConfigurationList;
			buildConfigurations = (
				5327F3761F23A55F006DCE7A /* Debug */,
				5327F3771F23A55F006DCE7A /* Release */,
			);
			defaultConfigurationIsVisible = 0;
			defaultConfigurationName = Release;
		};
		5327F3781F23A55F006DCE7A /* Build configuration list for PBXNativeTarget "D2Brain" */ = {
			isa = XCConfigurationList;
			buildConfigurations = (
				5327F3791F23A55F006DCE7A /* Debug */,
				5327F37A1F23A55F006DCE7A /* Release */,
			);
			defaultConfigurationIsVisible = 0;
			defaultConfigurationName = Release;
		};
/* End XCConfigurationList section */
	};
	rootObject = 5327F35E1F23A55F006DCE7A /* Project object */;
}
